
Microsoft Visual Studio Solution File, Format Version 12.00
# Visual Studio Version 17
VisualStudioVersion = 17.4.33403.182
MinimumVisualStudioVersion = 10.0.40219.1
Project("{FAE04EC0-301F-11D3-BF4B-00C04F79EFBC}") = "Buscar Error", "Buscar Error.csproj", "{BBC264B6-7858-46B9-BECE-34354F2E48CB}"
EndProject
Global
	GlobalSection(SolutionConfigurationPlatforms) = preSolution
		Debug|Any CPU = Debug|Any CPU
		Release|Any CPU = Release|Any CPU
	EndGlobalSection
	GlobalSection(ProjectConfigurationPlatforms) = postSolution
		{BBC264B6-7858-46B9-BECE-34354F2E48CB}.Debug|Any CPU.ActiveCfg = Debug|Any CPU
		{BBC264B6-7858-46B9-BECE-34354F2E48CB}.Debug|Any CPU.Build.0 = Debug|Any CPU
		{BBC264B6-7858-46B9-BECE-34354F2E48CB}.Release|Any CPU.ActiveCfg = Release|Any CPU
		{BBC264B6-7858-46B9-BECE-34354F2E48CB}.Release|Any CPU.Build.0 = Release|Any CPU
	EndGlobalSection
	GlobalSection(SolutionProperties) = preSolution
		HideSolutionNode = FALSE
	EndGlobalSection
	GlobalSection(ExtensibilityGlobals) = postSolution
		SolutionGuid = {1FB3C064-8E0B-4A7B-9A71-BC137D524F99}
	EndGlobalSection
EndGlobal
